// !$*UTF8*$!
{
	archiveVersion = 1;
	classes = {
	};
	objectVersion = 56;
	objects = {

/* Begin PBXBuildFile section */
		F1C65D1D2AC8432A00E414BE /* MainViewController.swift in Sources */ = {isa = PBXBuildFile; fileRef = F1C65D1C2AC8432A00E414BE /* MainViewController.swift */; };
		F1C65D1F2AC8452E00E414BE /* GoogleService-Info.plist in Resources */ = {isa = PBXBuildFile; fileRef = F1C65D1E2AC8452E00E414BE /* GoogleService-Info.plist */; };
		F1C65D222AC8479F00E414BE /* InfoViewController.swift in Sources */ = {isa = PBXBuildFile; fileRef = F1C65D212AC8479F00E414BE /* InfoViewController.swift */; };
		F1C65D242AC847AE00E414BE /* InfoTableViewCell.swift in Sources */ = {isa = PBXBuildFile; fileRef = F1C65D232AC847AE00E414BE /* InfoTableViewCell.swift */; };
		F1C65D262AC8533F00E414BE /* MainTableViewCell.swift in Sources */ = {isa = PBXBuildFile; fileRef = F1C65D252AC8533F00E414BE /* MainTableViewCell.swift */; };
		F1CA3EE62AC6B5F100452810 /* AppDelegate.swift in Sources */ = {isa = PBXBuildFile; fileRef = F1CA3EE52AC6B5F100452810 /* AppDelegate.swift */; };
		F1CA3EE82AC6B5F100452810 /* SceneDelegate.swift in Sources */ = {isa = PBXBuildFile; fileRef = F1CA3EE72AC6B5F100452810 /* SceneDelegate.swift */; };
		F1CA3EEA2AC6B5F100452810 /* SplashViewController.swift in Sources */ = {isa = PBXBuildFile; fileRef = F1CA3EE92AC6B5F100452810 /* SplashViewController.swift */; };
		F1CA3EEF2AC6B5F300452810 /* Assets.xcassets in Resources */ = {isa = PBXBuildFile; fileRef = F1CA3EEE2AC6B5F300452810 /* Assets.xcassets */; };
		F1CA3EF22AC6B5F300452810 /* LaunchScreen.storyboard in Resources */ = {isa = PBXBuildFile; fileRef = F1CA3EF02AC6B5F300452810 /* LaunchScreen.storyboard */; };
		F1CA3F012AC6B85F00452810 /* SnapKit in Frameworks */ = {isa = PBXBuildFile; productRef = F1CA3F002AC6B85F00452810 /* SnapKit */; };
		F1CA3F032AC6B85F00452810 /* SnapKit-Dynamic in Frameworks */ = {isa = PBXBuildFile; productRef = F1CA3F022AC6B85F00452810 /* SnapKit-Dynamic */; };
		F1CA3F062AC6B95600452810 /* AppImage.swift in Sources */ = {isa = PBXBuildFile; fileRef = F1CA3F052AC6B95600452810 /* AppImage.swift */; };
		F1CA3F082AC6B98400452810 /* AppColor.swift in Sources */ = {isa = PBXBuildFile; fileRef = F1CA3F072AC6B98400452810 /* AppColor.swift */; };
		F1CA3F0A2AC6B99F00452810 /* Colors.xcassets in Resources */ = {isa = PBXBuildFile; fileRef = F1CA3F092AC6B99F00452810 /* Colors.xcassets */; };
		F1CA3F132AC6BAA200452810 /* Poppins-Black.ttf in Resources */ = {isa = PBXBuildFile; fileRef = F1CA3F0C2AC6BAA200452810 /* Poppins-Black.ttf */; };
		F1CA3F142AC6BAA200452810 /* Poppins-Thin.ttf in Resources */ = {isa = PBXBuildFile; fileRef = F1CA3F0D2AC6BAA200452810 /* Poppins-Thin.ttf */; };
		F1CA3F152AC6BAA200452810 /* Poppins-Bold.ttf in Resources */ = {isa = PBXBuildFile; fileRef = F1CA3F0E2AC6BAA200452810 /* Poppins-Bold.ttf */; };
		F1CA3F162AC6BAA200452810 /* Poppins-Regular.ttf in Resources */ = {isa = PBXBuildFile; fileRef = F1CA3F0F2AC6BAA200452810 /* Poppins-Regular.ttf */; };
		F1CA3F172AC6BAA200452810 /* Poppins-Light.ttf in Resources */ = {isa = PBXBuildFile; fileRef = F1CA3F102AC6BAA200452810 /* Poppins-Light.ttf */; };
		F1CA3F182AC6BAA200452810 /* Poppins-Medium.ttf in Resources */ = {isa = PBXBuildFile; fileRef = F1CA3F112AC6BAA200452810 /* Poppins-Medium.ttf */; };
		F1CA3F192AC6BAA200452810 /* Poppins-SemiBold.ttf in Resources */ = {isa = PBXBuildFile; fileRef = F1CA3F122AC6BAA200452810 /* Poppins-SemiBold.ttf */; };
		F1CA3F1B2AC6BD5C00452810 /* LoadingViewController.swift in Sources */ = {isa = PBXBuildFile; fileRef = F1CA3F1A2AC6BD5C00452810 /* LoadingViewController.swift */; };
		F1CA3F1D2AC6BD8000452810 /* AppStorage .swift in Sources */ = {isa = PBXBuildFile; fileRef = F1CA3F1C2AC6BD8000452810 /* AppStorage .swift */; };
		F1CA3F202AC6BE7E00452810 /* FirebaseAnalytics in Frameworks */ = {isa = PBXBuildFile; productRef = F1CA3F1F2AC6BE7E00452810 /* FirebaseAnalytics */; };
		F1CA3F222AC6BE7E00452810 /* FirebaseAnalyticsOnDeviceConversion in Frameworks */ = {isa = PBXBuildFile; productRef = F1CA3F212AC6BE7E00452810 /* FirebaseAnalyticsOnDeviceConversion */; };
		F1CA3F242AC6BE7E00452810 /* FirebaseAnalyticsSwift in Frameworks */ = {isa = PBXBuildFile; productRef = F1CA3F232AC6BE7E00452810 /* FirebaseAnalyticsSwift */; };
		F1CA3F262AC6BE7E00452810 /* FirebaseAnalyticsWithoutAdIdSupport in Frameworks */ = {isa = PBXBuildFile; productRef = F1CA3F252AC6BE7E00452810 /* FirebaseAnalyticsWithoutAdIdSupport */; };
		F1CA3F282AC6BE7E00452810 /* FirebaseAppCheck in Frameworks */ = {isa = PBXBuildFile; productRef = F1CA3F272AC6BE7E00452810 /* FirebaseAppCheck */; };
		F1CA3F2A2AC6BE7E00452810 /* FirebaseAppDistribution-Beta in Frameworks */ = {isa = PBXBuildFile; productRef = F1CA3F292AC6BE7E00452810 /* FirebaseAppDistribution-Beta */; };
		F1CA3F2C2AC6BE7E00452810 /* FirebaseAuth in Frameworks */ = {isa = PBXBuildFile; productRef = F1CA3F2B2AC6BE7E00452810 /* FirebaseAuth */; };
		F1CA3F2E2AC6BE7E00452810 /* FirebaseAuthCombine-Community in Frameworks */ = {isa = PBXBuildFile; productRef = F1CA3F2D2AC6BE7E00452810 /* FirebaseAuthCombine-Community */; };
		F1CA3F302AC6BE7E00452810 /* FirebaseCrashlytics in Frameworks */ = {isa = PBXBuildFile; productRef = F1CA3F2F2AC6BE7E00452810 /* FirebaseCrashlytics */; };
		F1CA3F322AC6BE7E00452810 /* FirebaseDatabase in Frameworks */ = {isa = PBXBuildFile; productRef = F1CA3F312AC6BE7E00452810 /* FirebaseDatabase */; };
		F1CA3F342AC6BE7E00452810 /* FirebaseDatabaseSwift in Frameworks */ = {isa = PBXBuildFile; productRef = F1CA3F332AC6BE7E00452810 /* FirebaseDatabaseSwift */; };
		F1CA3F362AC6BE7E00452810 /* FirebaseDynamicLinks in Frameworks */ = {isa = PBXBuildFile; productRef = F1CA3F352AC6BE7E00452810 /* FirebaseDynamicLinks */; };
		F1CA3F382AC6BE7E00452810 /* FirebaseFirestore in Frameworks */ = {isa = PBXBuildFile; productRef = F1CA3F372AC6BE7E00452810 /* FirebaseFirestore */; };
		F1CA3F3A2AC6BE7E00452810 /* FirebaseFirestoreCombine-Community in Frameworks */ = {isa = PBXBuildFile; productRef = F1CA3F392AC6BE7E00452810 /* FirebaseFirestoreCombine-Community */; };
		F1CA3F3C2AC6BE7E00452810 /* FirebaseFirestoreSwift in Frameworks */ = {isa = PBXBuildFile; productRef = F1CA3F3B2AC6BE7E00452810 /* FirebaseFirestoreSwift */; };
		F1CA3F3E2AC6BE7E00452810 /* FirebaseFunctions in Frameworks */ = {isa = PBXBuildFile; productRef = F1CA3F3D2AC6BE7E00452810 /* FirebaseFunctions */; };
		F1CA3F402AC6BE7E00452810 /* FirebaseInAppMessaging-Beta in Frameworks */ = {isa = PBXBuildFile; productRef = F1CA3F3F2AC6BE7E00452810 /* FirebaseInAppMessaging-Beta */; };
		F1CA3F422AC6BE7E00452810 /* FirebaseInAppMessagingSwift-Beta in Frameworks */ = {isa = PBXBuildFile; productRef = F1CA3F412AC6BE7E00452810 /* FirebaseInAppMessagingSwift-Beta */; };
		F1CA3F442AC6BE7E00452810 /* FirebaseInstallations in Frameworks */ = {isa = PBXBuildFile; productRef = F1CA3F432AC6BE7E00452810 /* FirebaseInstallations */; };
		F1CA3F462AC6BE7E00452810 /* FirebaseMLModelDownloader in Frameworks */ = {isa = PBXBuildFile; productRef = F1CA3F452AC6BE7E00452810 /* FirebaseMLModelDownloader */; };
		F1CA3F482AC6BE7E00452810 /* FirebaseMessaging in Frameworks */ = {isa = PBXBuildFile; productRef = F1CA3F472AC6BE7E00452810 /* FirebaseMessaging */; };
		F1CA3F4A2AC6BE7E00452810 /* FirebasePerformance in Frameworks */ = {isa = PBXBuildFile; productRef = F1CA3F492AC6BE7E00452810 /* FirebasePerformance */; };
		F1CA3F4C2AC6BE7E00452810 /* FirebaseRemoteConfig in Frameworks */ = {isa = PBXBuildFile; productRef = F1CA3F4B2AC6BE7E00452810 /* FirebaseRemoteConfig */; };
		F1CA3F4E2AC6BE7E00452810 /* FirebaseRemoteConfigSwift in Frameworks */ = {isa = PBXBuildFile; productRef = F1CA3F4D2AC6BE7E00452810 /* FirebaseRemoteConfigSwift */; };
		F1CA3F502AC6BE7E00452810 /* FirebaseStorage in Frameworks */ = {isa = PBXBuildFile; productRef = F1CA3F4F2AC6BE7E00452810 /* FirebaseStorage */; };
		F1CA3F522AC6BE7E00452810 /* FirebaseStorageCombine-Community in Frameworks */ = {isa = PBXBuildFile; productRef = F1CA3F512AC6BE7E00452810 /* FirebaseStorageCombine-Community */; };
		F1CA3F542AC6BEB700452810 /* ExternalService.swift in Sources */ = {isa = PBXBuildFile; fileRef = F1CA3F532AC6BEB700452810 /* ExternalService.swift */; };
/* End PBXBuildFile section */

/* Begin PBXFileReference section */
		F1C65D1C2AC8432A00E414BE /* MainViewController.swift */ = {isa = PBXFileReference; lastKnownFileType = sourcecode.swift; path = MainViewController.swift; sourceTree = "<group>"; };
		F1C65D1E2AC8452E00E414BE /* GoogleService-Info.plist */ = {isa = PBXFileReference; fileEncoding = 4; lastKnownFileType = text.plist.xml; path = "GoogleService-Info.plist"; sourceTree = "<group>"; };
		F1C65D212AC8479F00E414BE /* InfoViewController.swift */ = {isa = PBXFileReference; lastKnownFileType = sourcecode.swift; path = InfoViewController.swift; sourceTree = "<group>"; };
		F1C65D232AC847AE00E414BE /* InfoTableViewCell.swift */ = {isa = PBXFileReference; lastKnownFileType = sourcecode.swift; path = InfoTableViewCell.swift; sourceTree = "<group>"; };
		F1C65D252AC8533F00E414BE /* MainTableViewCell.swift */ = {isa = PBXFileReference; lastKnownFileType = sourcecode.swift; path = MainTableViewCell.swift; sourceTree = "<group>"; };
		F1CA3EE22AC6B5F100452810 /* Aztec.app */ = {isa = PBXFileReference; explicitFileType = wrapper.application; includeInIndex = 0; path = Aztec.app; sourceTree = BUILT_PRODUCTS_DIR; };
		F1CA3EE52AC6B5F100452810 /* AppDelegate.swift */ = {isa = PBXFileReference; lastKnownFileType = sourcecode.swift; path = AppDelegate.swift; sourceTree = "<group>"; };
		F1CA3EE72AC6B5F100452810 /* SceneDelegate.swift */ = {isa = PBXFileReference; lastKnownFileType = sourcecode.swift; path = SceneDelegate.swift; sourceTree = "<group>"; };
		F1CA3EE92AC6B5F100452810 /* SplashViewController.swift */ = {isa = PBXFileReference; lastKnownFileType = sourcecode.swift; path = SplashViewController.swift; sourceTree = "<group>"; };
		F1CA3EEE2AC6B5F300452810 /* Assets.xcassets */ = {isa = PBXFileReference; lastKnownFileType = folder.assetcatalog; path = Assets.xcassets; sourceTree = "<group>"; };
		F1CA3EF12AC6B5F300452810 /* Base */ = {isa = PBXFileReference; lastKnownFileType = file.storyboard; name = Base; path = Base.lproj/LaunchScreen.storyboard; sourceTree = "<group>"; };
		F1CA3EF32AC6B5F300452810 /* Info.plist */ = {isa = PBXFileReference; lastKnownFileType = text.plist.xml; path = Info.plist; sourceTree = "<group>"; };
		F1CA3F052AC6B95600452810 /* AppImage.swift */ = {isa = PBXFileReference; lastKnownFileType = sourcecode.swift; path = AppImage.swift; sourceTree = "<group>"; };
		F1CA3F072AC6B98400452810 /* AppColor.swift */ = {isa = PBXFileReference; lastKnownFileType = sourcecode.swift; path = AppColor.swift; sourceTree = "<group>"; };
		F1CA3F092AC6B99F00452810 /* Colors.xcassets */ = {isa = PBXFileReference; lastKnownFileType = folder.assetcatalog; path = Colors.xcassets; sourceTree = "<group>"; };
		F1CA3F0C2AC6BAA200452810 /* Poppins-Black.ttf */ = {isa = PBXFileReference; lastKnownFileType = file; path = "Poppins-Black.ttf"; sourceTree = "<group>"; };
		F1CA3F0D2AC6BAA200452810 /* Poppins-Thin.ttf */ = {isa = PBXFileReference; lastKnownFileType = file; path = "Poppins-Thin.ttf"; sourceTree = "<group>"; };
		F1CA3F0E2AC6BAA200452810 /* Poppins-Bold.ttf */ = {isa = PBXFileReference; lastKnownFileType = file; path = "Poppins-Bold.ttf"; sourceTree = "<group>"; };
		F1CA3F0F2AC6BAA200452810 /* Poppins-Regular.ttf */ = {isa = PBXFileReference; lastKnownFileType = file; path = "Poppins-Regular.ttf"; sourceTree = "<group>"; };
		F1CA3F102AC6BAA200452810 /* Poppins-Light.ttf */ = {isa = PBXFileReference; lastKnownFileType = file; path = "Poppins-Light.ttf"; sourceTree = "<group>"; };
		F1CA3F112AC6BAA200452810 /* Poppins-Medium.ttf */ = {isa = PBXFileReference; lastKnownFileType = file; path = "Poppins-Medium.ttf"; sourceTree = "<group>"; };
		F1CA3F122AC6BAA200452810 /* Poppins-SemiBold.ttf */ = {isa = PBXFileReference; lastKnownFileType = file; path = "Poppins-SemiBold.ttf"; sourceTree = "<group>"; };
		F1CA3F1A2AC6BD5C00452810 /* LoadingViewController.swift */ = {isa = PBXFileReference; lastKnownFileType = sourcecode.swift; path = LoadingViewController.swift; sourceTree = "<group>"; };
		F1CA3F1C2AC6BD8000452810 /* AppStorage .swift */ = {isa = PBXFileReference; lastKnownFileType = sourcecode.swift; path = "AppStorage .swift"; sourceTree = "<group>"; };
		F1CA3F532AC6BEB700452810 /* ExternalService.swift */ = {isa = PBXFileReference; lastKnownFileType = sourcecode.swift; path = ExternalService.swift; sourceTree = "<group>"; };
/* End PBXFileReference section */

/* Begin PBXFrameworksBuildPhase section */
		F1CA3EDF2AC6B5F100452810 /* Frameworks */ = {
			isa = PBXFrameworksBuildPhase;
			buildActionMask = 2147483647;
			files = (
				F1CA3F012AC6B85F00452810 /* SnapKit in Frameworks */,
				F1CA3F3C2AC6BE7E00452810 /* FirebaseFirestoreSwift in Frameworks */,
				F1CA3F422AC6BE7E00452810 /* FirebaseInAppMessagingSwift-Beta in Frameworks */,
				F1CA3F482AC6BE7E00452810 /* FirebaseMessaging in Frameworks */,
				F1CA3F262AC6BE7E00452810 /* FirebaseAnalyticsWithoutAdIdSupport in Frameworks */,
				F1CA3F3E2AC6BE7E00452810 /* FirebaseFunctions in Frameworks */,
				F1CA3F032AC6B85F00452810 /* SnapKit-Dynamic in Frameworks */,
				F1CA3F202AC6BE7E00452810 /* FirebaseAnalytics in Frameworks */,
				F1CA3F462AC6BE7E00452810 /* FirebaseMLModelDownloader in Frameworks */,
				F1CA3F2C2AC6BE7E00452810 /* FirebaseAuth in Frameworks */,
				F1CA3F362AC6BE7E00452810 /* FirebaseDynamicLinks in Frameworks */,
				F1CA3F302AC6BE7E00452810 /* FirebaseCrashlytics in Frameworks */,
				F1CA3F342AC6BE7E00452810 /* FirebaseDatabaseSwift in Frameworks */,
				F1CA3F382AC6BE7E00452810 /* FirebaseFirestore in Frameworks */,
				F1CA3F4A2AC6BE7E00452810 /* FirebasePerformance in Frameworks */,
				F1CA3F402AC6BE7E00452810 /* FirebaseInAppMessaging-Beta in Frameworks */,
				F1CA3F3A2AC6BE7E00452810 /* FirebaseFirestoreCombine-Community in Frameworks */,
				F1CA3F322AC6BE7E00452810 /* FirebaseDatabase in Frameworks */,
				F1CA3F442AC6BE7E00452810 /* FirebaseInstallations in Frameworks */,
				F1CA3F4C2AC6BE7E00452810 /* FirebaseRemoteConfig in Frameworks */,
				F1CA3F502AC6BE7E00452810 /* FirebaseStorage in Frameworks */,
				F1CA3F282AC6BE7E00452810 /* FirebaseAppCheck in Frameworks */,
				F1CA3F522AC6BE7E00452810 /* FirebaseStorageCombine-Community in Frameworks */,
				F1CA3F222AC6BE7E00452810 /* FirebaseAnalyticsOnDeviceConversion in Frameworks */,
				F1CA3F242AC6BE7E00452810 /* FirebaseAnalyticsSwift in Frameworks */,
				F1CA3F2A2AC6BE7E00452810 /* FirebaseAppDistribution-Beta in Frameworks */,
				F1CA3F2E2AC6BE7E00452810 /* FirebaseAuthCombine-Community in Frameworks */,
				F1CA3F4E2AC6BE7E00452810 /* FirebaseRemoteConfigSwift in Frameworks */,
			);
			runOnlyForDeploymentPostprocessing = 0;
		};
/* End PBXFrameworksBuildPhase section */

/* Begin PBXGroup section */
		F1C65D1B2AC8430900E414BE /* MainModule */ = {
			isa = PBXGroup;
			children = (
				F1C65D1C2AC8432A00E414BE /* MainViewController.swift */,
				F1C65D252AC8533F00E414BE /* MainTableViewCell.swift */,
			);
			path = MainModule;
			sourceTree = "<group>";
		};
		F1C65D202AC8472C00E414BE /* InfoModule */ = {
			isa = PBXGroup;
			children = (
				F1C65D212AC8479F00E414BE /* InfoViewController.swift */,
				F1C65D232AC847AE00E414BE /* InfoTableViewCell.swift */,
			);
			path = InfoModule;
			sourceTree = "<group>";
		};
		F1CA3ED92AC6B5F100452810 = {
			isa = PBXGroup;
			children = (
				F1CA3EE42AC6B5F100452810 /* Aztec */,
				F1CA3EE32AC6B5F100452810 /* Products */,
			);
			sourceTree = "<group>";
		};
		F1CA3EE32AC6B5F100452810 /* Products */ = {
			isa = PBXGroup;
			children = (
				F1CA3EE22AC6B5F100452810 /* Aztec.app */,
			);
			name = Products;
			sourceTree = "<group>";
		};
		F1CA3EE42AC6B5F100452810 /* Aztec */ = {
			isa = PBXGroup;
			children = (
				F1CA3EF92AC6B68300452810 /* Application */,
				F1CA3EFA2AC6B68900452810 /* Controllers */,
				F1CA3EFC2AC6B6BD00452810 /* Resources */,
				F1CA3EFD2AC6B6CA00452810 /* Storyboards */,
				F1CA3EFE2AC6B6DC00452810 /* Supporting Files */,
			);
			path = Aztec;
			sourceTree = "<group>";
		};
		F1CA3EF92AC6B68300452810 /* Application */ = {
			isa = PBXGroup;
			children = (
				F1CA3EE52AC6B5F100452810 /* AppDelegate.swift */,
				F1CA3EE72AC6B5F100452810 /* SceneDelegate.swift */,
			);
			path = Application;
			sourceTree = "<group>";
		};
		F1CA3EFA2AC6B68900452810 /* Controllers */ = {
			isa = PBXGroup;
			children = (
				F1CA3F552AC6BF1B00452810 /* SplashScreen */,
				F1C65D1B2AC8430900E414BE /* MainModule */,
				F1C65D202AC8472C00E414BE /* InfoModule */,
			);
			path = Controllers;
			sourceTree = "<group>";
		};
		F1CA3EFB2AC6B6B400452810 /* AssetHelp */ = {
			isa = PBXGroup;
			children = (
				F1CA3EEE2AC6B5F300452810 /* Assets.xcassets */,
				F1CA3F092AC6B99F00452810 /* Colors.xcassets */,
			);
			path = AssetHelp;
			sourceTree = "<group>";
		};
		F1CA3EFC2AC6B6BD00452810 /* Resources */ = {
			isa = PBXGroup;
			children = (
				F1CA3F0B2AC6BA6E00452810 /* Fonts */,
				F1CA3F042AC6B94200452810 /* AppHelp */,
				F1CA3EFB2AC6B6B400452810 /* AssetHelp */,
			);
			path = Resources;
			sourceTree = "<group>";
		};
		F1CA3EFD2AC6B6CA00452810 /* Storyboards */ = {
			isa = PBXGroup;
			children = (
				F1CA3EF02AC6B5F300452810 /* LaunchScreen.storyboard */,
			);
			path = Storyboards;
			sourceTree = "<group>";
		};
		F1CA3EFE2AC6B6DC00452810 /* Supporting Files */ = {
			isa = PBXGroup;
			children = (
				F1C65D1E2AC8452E00E414BE /* GoogleService-Info.plist */,
				F1CA3EF32AC6B5F300452810 /* Info.plist */,
			);
			path = "Supporting Files";
			sourceTree = "<group>";
		};
		F1CA3F042AC6B94200452810 /* AppHelp */ = {
			isa = PBXGroup;
			children = (
				F1CA3F052AC6B95600452810 /* AppImage.swift */,
				F1CA3F072AC6B98400452810 /* AppColor.swift */,
				F1CA3F1C2AC6BD8000452810 /* AppStorage .swift */,
				F1CA3F532AC6BEB700452810 /* ExternalService.swift */,
			);
			path = AppHelp;
			sourceTree = "<group>";
		};
		F1CA3F0B2AC6BA6E00452810 /* Fonts */ = {
			isa = PBXGroup;
			children = (
				F1CA3F0C2AC6BAA200452810 /* Poppins-Black.ttf */,
				F1CA3F0E2AC6BAA200452810 /* Poppins-Bold.ttf */,
				F1CA3F102AC6BAA200452810 /* Poppins-Light.ttf */,
				F1CA3F112AC6BAA200452810 /* Poppins-Medium.ttf */,
				F1CA3F0F2AC6BAA200452810 /* Poppins-Regular.ttf */,
				F1CA3F122AC6BAA200452810 /* Poppins-SemiBold.ttf */,
				F1CA3F0D2AC6BAA200452810 /* Poppins-Thin.ttf */,
			);
			path = Fonts;
			sourceTree = "<group>";
		};
		F1CA3F552AC6BF1B00452810 /* SplashScreen */ = {
			isa = PBXGroup;
			children = (
				F1CA3EE92AC6B5F100452810 /* SplashViewController.swift */,
				F1CA3F1A2AC6BD5C00452810 /* LoadingViewController.swift */,
			);
			path = SplashScreen;
			sourceTree = "<group>";
		};
/* End PBXGroup section */

/* Begin PBXNativeTarget section */
		F1CA3EE12AC6B5F100452810 /* Aztec */ = {
			isa = PBXNativeTarget;
			buildConfigurationList = F1CA3EF62AC6B5F300452810 /* Build configuration list for PBXNativeTarget "Aztec" */;
			buildPhases = (
				F1CA3EDE2AC6B5F100452810 /* Sources */,
				F1CA3EDF2AC6B5F100452810 /* Frameworks */,
				F1CA3EE02AC6B5F100452810 /* Resources */,
			);
			buildRules = (
			);
			dependencies = (
			);
			name = Aztec;
			packageProductDependencies = (
				F1CA3F002AC6B85F00452810 /* SnapKit */,
				F1CA3F022AC6B85F00452810 /* SnapKit-Dynamic */,
				F1CA3F1F2AC6BE7E00452810 /* FirebaseAnalytics */,
				F1CA3F212AC6BE7E00452810 /* FirebaseAnalyticsOnDeviceConversion */,
				F1CA3F232AC6BE7E00452810 /* FirebaseAnalyticsSwift */,
				F1CA3F252AC6BE7E00452810 /* FirebaseAnalyticsWithoutAdIdSupport */,
				F1CA3F272AC6BE7E00452810 /* FirebaseAppCheck */,
				F1CA3F292AC6BE7E00452810 /* FirebaseAppDistribution-Beta */,
				F1CA3F2B2AC6BE7E00452810 /* FirebaseAuth */,
				F1CA3F2D2AC6BE7E00452810 /* FirebaseAuthCombine-Community */,
				F1CA3F2F2AC6BE7E00452810 /* FirebaseCrashlytics */,
				F1CA3F312AC6BE7E00452810 /* FirebaseDatabase */,
				F1CA3F332AC6BE7E00452810 /* FirebaseDatabaseSwift */,
				F1CA3F352AC6BE7E00452810 /* FirebaseDynamicLinks */,
				F1CA3F372AC6BE7E00452810 /* FirebaseFirestore */,
				F1CA3F392AC6BE7E00452810 /* FirebaseFirestoreCombine-Community */,
				F1CA3F3B2AC6BE7E00452810 /* FirebaseFirestoreSwift */,
				F1CA3F3D2AC6BE7E00452810 /* FirebaseFunctions */,
				F1CA3F3F2AC6BE7E00452810 /* FirebaseInAppMessaging-Beta */,
				F1CA3F412AC6BE7E00452810 /* FirebaseInAppMessagingSwift-Beta */,
				F1CA3F432AC6BE7E00452810 /* FirebaseInstallations */,
				F1CA3F452AC6BE7E00452810 /* FirebaseMLModelDownloader */,
				F1CA3F472AC6BE7E00452810 /* FirebaseMessaging */,
				F1CA3F492AC6BE7E00452810 /* FirebasePerformance */,
				F1CA3F4B2AC6BE7E00452810 /* FirebaseRemoteConfig */,
				F1CA3F4D2AC6BE7E00452810 /* FirebaseRemoteConfigSwift */,
				F1CA3F4F2AC6BE7E00452810 /* FirebaseStorage */,
				F1CA3F512AC6BE7E00452810 /* FirebaseStorageCombine-Community */,
			);
			productName = Aztec;
			productReference = F1CA3EE22AC6B5F100452810 /* Aztec.app */;
			productType = "com.apple.product-type.application";
		};
/* End PBXNativeTarget section */

/* Begin PBXProject section */
		F1CA3EDA2AC6B5F100452810 /* Project object */ = {
			isa = PBXProject;
			attributes = {
				BuildIndependentTargetsInParallel = 1;
				LastSwiftUpdateCheck = 1500;
				LastUpgradeCheck = 1500;
				TargetAttributes = {
					F1CA3EE12AC6B5F100452810 = {
						CreatedOnToolsVersion = 15.0;
					};
				};
			};
			buildConfigurationList = F1CA3EDD2AC6B5F100452810 /* Build configuration list for PBXProject "Aztec" */;
			compatibilityVersion = "Xcode 14.0";
			developmentRegion = en;
			hasScannedForEncodings = 0;
			knownRegions = (
				en,
				Base,
			);
			mainGroup = F1CA3ED92AC6B5F100452810;
			packageReferences = (
				F1CA3EFF2AC6B85F00452810 /* XCRemoteSwiftPackageReference "SnapKit" */,
				F1CA3F1E2AC6BE7D00452810 /* XCRemoteSwiftPackageReference "firebase-ios-sdk" */,
			);
			productRefGroup = F1CA3EE32AC6B5F100452810 /* Products */;
			projectDirPath = "";
			projectRoot = "";
			targets = (
				F1CA3EE12AC6B5F100452810 /* Aztec */,
			);
		};
/* End PBXProject section */

/* Begin PBXResourcesBuildPhase section */
		F1CA3EE02AC6B5F100452810 /* Resources */ = {
			isa = PBXResourcesBuildPhase;
			buildActionMask = 2147483647;
			files = (
				F1CA3F132AC6BAA200452810 /* Poppins-Black.ttf in Resources */,
				F1CA3F152AC6BAA200452810 /* Poppins-Bold.ttf in Resources */,
				F1CA3F162AC6BAA200452810 /* Poppins-Regular.ttf in Resources */,
				F1CA3F172AC6BAA200452810 /* Poppins-Light.ttf in Resources */,
				F1CA3F0A2AC6B99F00452810 /* Colors.xcassets in Resources */,
				F1CA3F192AC6BAA200452810 /* Poppins-SemiBold.ttf in Resources */,
				F1CA3EF22AC6B5F300452810 /* LaunchScreen.storyboard in Resources */,
				F1CA3F182AC6BAA200452810 /* Poppins-Medium.ttf in Resources */,
				F1C65D1F2AC8452E00E414BE /* GoogleService-Info.plist in Resources */,
				F1CA3EEF2AC6B5F300452810 /* Assets.xcassets in Resources */,
				F1CA3F142AC6BAA200452810 /* Poppins-Thin.ttf in Resources */,
			);
			runOnlyForDeploymentPostprocessing = 0;
		};
/* End PBXResourcesBuildPhase section */

/* Begin PBXSourcesBuildPhase section */
		F1CA3EDE2AC6B5F100452810 /* Sources */ = {
			isa = PBXSourcesBuildPhase;
			buildActionMask = 2147483647;
			files = (
				F1CA3EEA2AC6B5F100452810 /* SplashViewController.swift in Sources */,
				F1CA3F082AC6B98400452810 /* AppColor.swift in Sources */,
				F1CA3F062AC6B95600452810 /* AppImage.swift in Sources */,
				F1CA3F1D2AC6BD8000452810 /* AppStorage .swift in Sources */,
				F1C65D222AC8479F00E414BE /* InfoViewController.swift in Sources */,
				F1CA3F542AC6BEB700452810 /* ExternalService.swift in Sources */,
				F1CA3EE62AC6B5F100452810 /* AppDelegate.swift in Sources */,
				F1C65D1D2AC8432A00E414BE /* MainViewController.swift in Sources */,
				F1C65D242AC847AE00E414BE /* InfoTableViewCell.swift in Sources */,
				F1CA3EE82AC6B5F100452810 /* SceneDelegate.swift in Sources */,
				F1C65D262AC8533F00E414BE /* MainTableViewCell.swift in Sources */,
				F1CA3F1B2AC6BD5C00452810 /* LoadingViewController.swift in Sources */,
			);
			runOnlyForDeploymentPostprocessing = 0;
		};
/* End PBXSourcesBuildPhase section */

/* Begin PBXVariantGroup section */
		F1CA3EF02AC6B5F300452810 /* LaunchScreen.storyboard */ = {
			isa = PBXVariantGroup;
			children = (
				F1CA3EF12AC6B5F300452810 /* Base */,
			);
			name = LaunchScreen.storyboard;
			sourceTree = "<group>";
		};
/* End PBXVariantGroup section */

/* Begin XCBuildConfiguration section */
		F1CA3EF42AC6B5F300452810 /* Debug */ = {
			isa = XCBuildConfiguration;
			buildSettings = {
				ALWAYS_SEARCH_USER_PATHS = NO;
				ASSETCATALOG_COMPILER_GENERATE_SWIFT_ASSET_SYMBOL_EXTENSIONS = YES;
				CLANG_ANALYZER_NONNULL = YES;
				CLANG_ANALYZER_NUMBER_OBJECT_CONVERSION = YES_AGGRESSIVE;
				CLANG_CXX_LANGUAGE_STANDARD = "gnu++20";
				CLANG_ENABLE_MODULES = YES;
				CLANG_ENABLE_OBJC_ARC = YES;
				CLANG_ENABLE_OBJC_WEAK = YES;
				CLANG_WARN_BLOCK_CAPTURE_AUTORELEASING = YES;
				CLANG_WARN_BOOL_CONVERSION = YES;
				CLANG_WARN_COMMA = YES;
				CLANG_WARN_CONSTANT_CONVERSION = YES;
				CLANG_WARN_DEPRECATED_OBJC_IMPLEMENTATIONS = YES;
				CLANG_WARN_DIRECT_OBJC_ISA_USAGE = YES_ERROR;
				CLANG_WARN_DOCUMENTATION_COMMENTS = YES;
				CLANG_WARN_EMPTY_BODY = YES;
				CLANG_WARN_ENUM_CONVERSION = YES;
				CLANG_WARN_INFINITE_RECURSION = YES;
				CLANG_WARN_INT_CONVERSION = YES;
				CLANG_WARN_NON_LITERAL_NULL_CONVERSION = YES;
				CLANG_WARN_OBJC_IMPLICIT_RETAIN_SELF = YES;
				CLANG_WARN_OBJC_LITERAL_CONVERSION = YES;
				CLANG_WARN_OBJC_ROOT_CLASS = YES_ERROR;
				CLANG_WARN_QUOTED_INCLUDE_IN_FRAMEWORK_HEADER = YES;
				CLANG_WARN_RANGE_LOOP_ANALYSIS = YES;
				CLANG_WARN_STRICT_PROTOTYPES = YES;
				CLANG_WARN_SUSPICIOUS_MOVE = YES;
				CLANG_WARN_UNGUARDED_AVAILABILITY = YES_AGGRESSIVE;
				CLANG_WARN_UNREACHABLE_CODE = YES;
				CLANG_WARN__DUPLICATE_METHOD_MATCH = YES;
				COPY_PHASE_STRIP = NO;
				DEBUG_INFORMATION_FORMAT = dwarf;
				ENABLE_STRICT_OBJC_MSGSEND = YES;
				ENABLE_TESTABILITY = YES;
				ENABLE_USER_SCRIPT_SANDBOXING = YES;
				GCC_C_LANGUAGE_STANDARD = gnu17;
				GCC_DYNAMIC_NO_PIC = NO;
				GCC_NO_COMMON_BLOCKS = YES;
				GCC_OPTIMIZATION_LEVEL = 0;
				GCC_PREPROCESSOR_DEFINITIONS = (
					"DEBUG=1",
					"$(inherited)",
				);
				GCC_WARN_64_TO_32_BIT_CONVERSION = YES;
				GCC_WARN_ABOUT_RETURN_TYPE = YES_ERROR;
				GCC_WARN_UNDECLARED_SELECTOR = YES;
				GCC_WARN_UNINITIALIZED_AUTOS = YES_AGGRESSIVE;
				GCC_WARN_UNUSED_FUNCTION = YES;
				GCC_WARN_UNUSED_VARIABLE = YES;
				IPHONEOS_DEPLOYMENT_TARGET = 17.0;
				LOCALIZATION_PREFERS_STRING_CATALOGS = YES;
				MTL_ENABLE_DEBUG_INFO = INCLUDE_SOURCE;
				MTL_FAST_MATH = YES;
				ONLY_ACTIVE_ARCH = YES;
				SDKROOT = iphoneos;
				SWIFT_ACTIVE_COMPILATION_CONDITIONS = "DEBUG $(inherited)";
				SWIFT_OPTIMIZATION_LEVEL = "-Onone";
			};
			name = Debug;
		};
		F1CA3EF52AC6B5F300452810 /* Release */ = {
			isa = XCBuildConfiguration;
			buildSettings = {
				ALWAYS_SEARCH_USER_PATHS = NO;
				ASSETCATALOG_COMPILER_GENERATE_SWIFT_ASSET_SYMBOL_EXTENSIONS = YES;
				CLANG_ANALYZER_NONNULL = YES;
				CLANG_ANALYZER_NUMBER_OBJECT_CONVERSION = YES_AGGRESSIVE;
				CLANG_CXX_LANGUAGE_STANDARD = "gnu++20";
				CLANG_ENABLE_MODULES = YES;
				CLANG_ENABLE_OBJC_ARC = YES;
				CLANG_ENABLE_OBJC_WEAK = YES;
				CLANG_WARN_BLOCK_CAPTURE_AUTORELEASING = YES;
				CLANG_WARN_BOOL_CONVERSION = YES;
				CLANG_WARN_COMMA = YES;
				CLANG_WARN_CONSTANT_CONVERSION = YES;
				CLANG_WARN_DEPRECATED_OBJC_IMPLEMENTATIONS = YES;
				CLANG_WARN_DIRECT_OBJC_ISA_USAGE = YES_ERROR;
				CLANG_WARN_DOCUMENTATION_COMMENTS = YES;
				CLANG_WARN_EMPTY_BODY = YES;
				CLANG_WARN_ENUM_CONVERSION = YES;
				CLANG_WARN_INFINITE_RECURSION = YES;
				CLANG_WARN_INT_CONVERSION = YES;
				CLANG_WARN_NON_LITERAL_NULL_CONVERSION = YES;
				CLANG_WARN_OBJC_IMPLICIT_RETAIN_SELF = YES;
				CLANG_WARN_OBJC_LITERAL_CONVERSION = YES;
				CLANG_WARN_OBJC_ROOT_CLASS = YES_ERROR;
				CLANG_WARN_QUOTED_INCLUDE_IN_FRAMEWORK_HEADER = YES;
				CLANG_WARN_RANGE_LOOP_ANALYSIS = YES;
				CLANG_WARN_STRICT_PROTOTYPES = YES;
				CLANG_WARN_SUSPICIOUS_MOVE = YES;
				CLANG_WARN_UNGUARDED_AVAILABILITY = YES_AGGRESSIVE;
				CLANG_WARN_UNREACHABLE_CODE = YES;
				CLANG_WARN__DUPLICATE_METHOD_MATCH = YES;
				COPY_PHASE_STRIP = NO;
				DEBUG_INFORMATION_FORMAT = "dwarf-with-dsym";
				ENABLE_NS_ASSERTIONS = NO;
				ENABLE_STRICT_OBJC_MSGSEND = YES;
				ENABLE_USER_SCRIPT_SANDBOXING = YES;
				GCC_C_LANGUAGE_STANDARD = gnu17;
				GCC_NO_COMMON_BLOCKS = YES;
				GCC_WARN_64_TO_32_BIT_CONVERSION = YES;
				GCC_WARN_ABOUT_RETURN_TYPE = YES_ERROR;
				GCC_WARN_UNDECLARED_SELECTOR = YES;
				GCC_WARN_UNINITIALIZED_AUTOS = YES_AGGRESSIVE;
				GCC_WARN_UNUSED_FUNCTION = YES;
				GCC_WARN_UNUSED_VARIABLE = YES;
				IPHONEOS_DEPLOYMENT_TARGET = 17.0;
				LOCALIZATION_PREFERS_STRING_CATALOGS = YES;
				MTL_ENABLE_DEBUG_INFO = NO;
				MTL_FAST_MATH = YES;
				SDKROOT = iphoneos;
				SWIFT_COMPILATION_MODE = wholemodule;
				VALIDATE_PRODUCT = YES;
			};
			name = Release;
		};
		F1CA3EF72AC6B5F300452810 /* Debug */ = {
			isa = XCBuildConfiguration;
			buildSettings = {
				ASSETCATALOG_COMPILER_APPICON_NAME = AppIcon;
				ASSETCATALOG_COMPILER_GLOBAL_ACCENT_COLOR_NAME = AccentColor;
				CODE_SIGN_STYLE = Automatic;
				CURRENT_PROJECT_VERSION = 1;
				DEVELOPMENT_TEAM = 66V736J4F3;
				GENERATE_INFOPLIST_FILE = YES;
				INFOPLIST_FILE = "Aztec/Supporting Files/Info.plist";
				INFOPLIST_KEY_UIApplicationSupportsIndirectInputEvents = YES;
				INFOPLIST_KEY_UILaunchStoryboardName = LaunchScreen;
				INFOPLIST_KEY_UISupportedInterfaceOrientations_iPad = "UIInterfaceOrientationPortrait UIInterfaceOrientationPortraitUpsideDown UIInterfaceOrientationLandscapeLeft UIInterfaceOrientationLandscapeRight";
				INFOPLIST_KEY_UISupportedInterfaceOrientations_iPhone = "UIInterfaceOrientationPortrait UIInterfaceOrientationLandscapeLeft UIInterfaceOrientationLandscapeRight";
				LD_RUNPATH_SEARCH_PATHS = (
					"$(inherited)",
					"@executable_path/Frameworks",
				);
				MARKETING_VERSION = 1.0;
				PRODUCT_BUNDLE_IDENTIFIER = com.example.Aztec;
				PRODUCT_NAME = "$(TARGET_NAME)";
				SWIFT_EMIT_LOC_STRINGS = YES;
				SWIFT_VERSION = 5.0;
				TARGETED_DEVICE_FAMILY = "1,2";
			};
			name = Debug;
		};
		F1CA3EF82AC6B5F300452810 /* Release */ = {
			isa = XCBuildConfiguration;
			buildSettings = {
				ASSETCATALOG_COMPILER_APPICON_NAME = AppIcon;
				ASSETCATALOG_COMPILER_GLOBAL_ACCENT_COLOR_NAME = AccentColor;
				CODE_SIGN_STYLE = Automatic;
				CURRENT_PROJECT_VERSION = 1;
				DEVELOPMENT_TEAM = 66V736J4F3;
				GENERATE_INFOPLIST_FILE = YES;
				INFOPLIST_FILE = "Aztec/Supporting Files/Info.plist";
				INFOPLIST_KEY_UIApplicationSupportsIndirectInputEvents = YES;
				INFOPLIST_KEY_UILaunchStoryboardName = LaunchScreen;
				INFOPLIST_KEY_UISupportedInterfaceOrientations_iPad = "UIInterfaceOrientationPortrait UIInterfaceOrientationPortraitUpsideDown UIInterfaceOrientationLandscapeLeft UIInterfaceOrientationLandscapeRight";
				INFOPLIST_KEY_UISupportedInterfaceOrientations_iPhone = "UIInterfaceOrientationPortrait UIInterfaceOrientationLandscapeLeft UIInterfaceOrientationLandscapeRight";
				LD_RUNPATH_SEARCH_PATHS = (
					"$(inherited)",
					"@executable_path/Frameworks",
				);
				MARKETING_VERSION = 1.0;
				PRODUCT_BUNDLE_IDENTIFIER = com.example.Aztec;
				PRODUCT_NAME = "$(TARGET_NAME)";
				SWIFT_EMIT_LOC_STRINGS = YES;
				SWIFT_VERSION = 5.0;
				TARGETED_DEVICE_FAMILY = "1,2";
			};
			name = Release;
		};
/* End XCBuildConfiguration section */

/* Begin XCConfigurationList section */
		F1CA3EDD2AC6B5F100452810 /* Build configuration list for PBXProject "Aztec" */ = {
			isa = XCConfigurationList;
			buildConfigurations = (
				F1CA3EF42AC6B5F300452810 /* Debug */,
				F1CA3EF52AC6B5F300452810 /* Release */,
			);
			defaultConfigurationIsVisible = 0;
			defaultConfigurationName = Release;
		};
		F1CA3EF62AC6B5F300452810 /* Build configuration list for PBXNativeTarget "Aztec" */ = {
			isa = XCConfigurationList;
			buildConfigurations = (
				F1CA3EF72AC6B5F300452810 /* Debug */,
				F1CA3EF82AC6B5F300452810 /* Release */,
			);
			defaultConfigurationIsVisible = 0;
			defaultConfigurationName = Release;
		};
/* End XCConfigurationList section */

/* Begin XCRemoteSwiftPackageReference section */
		F1CA3EFF2AC6B85F00452810 /* XCRemoteSwiftPackageReference "SnapKit" */ = {
			isa = XCRemoteSwiftPackageReference;
			repositoryURL = "https://github.com/SnapKit/SnapKit.git";
			requirement = {
				kind = upToNextMajorVersion;
				minimumVersion = 5.6.0;
			};
		};
		F1CA3F1E2AC6BE7D00452810 /* XCRemoteSwiftPackageReference "firebase-ios-sdk" */ = {
			isa = XCRemoteSwiftPackageReference;
			repositoryURL = "https://github.com/firebase/firebase-ios-sdk.git";
			requirement = {
				kind = upToNextMajorVersion;
				minimumVersion = 10.15.0;
			};
		};
/* End XCRemoteSwiftPackageReference section */

/* Begin XCSwiftPackageProductDependency section */
		F1CA3F002AC6B85F00452810 /* SnapKit */ = {
			isa = XCSwiftPackageProductDependency;
			package = F1CA3EFF2AC6B85F00452810 /* XCRemoteSwiftPackageReference "SnapKit" */;
			productName = SnapKit;
		};
		F1CA3F022AC6B85F00452810 /* SnapKit-Dynamic */ = {
			isa = XCSwiftPackageProductDependency;
			package = F1CA3EFF2AC6B85F00452810 /* XCRemoteSwiftPackageReference "SnapKit" */;
			productName = "SnapKit-Dynamic";
		};
		F1CA3F1F2AC6BE7E00452810 /* FirebaseAnalytics */ = {
			isa = XCSwiftPackageProductDependency;
			package = F1CA3F1E2AC6BE7D00452810 /* XCRemoteSwiftPackageReference "firebase-ios-sdk" */;
			productName = FirebaseAnalytics;
		};
		F1CA3F212AC6BE7E00452810 /* FirebaseAnalyticsOnDeviceConversion */ = {
			isa = XCSwiftPackageProductDependency;
			package = F1CA3F1E2AC6BE7D00452810 /* XCRemoteSwiftPackageReference "firebase-ios-sdk" */;
			productName = FirebaseAnalyticsOnDeviceConversion;
		};
		F1CA3F232AC6BE7E00452810 /* FirebaseAnalyticsSwift */ = {
			isa = XCSwiftPackageProductDependency;
			package = F1CA3F1E2AC6BE7D00452810 /* XCRemoteSwiftPackageReference "firebase-ios-sdk" */;
			productName = FirebaseAnalyticsSwift;
		};
		F1CA3F252AC6BE7E00452810 /* FirebaseAnalyticsWithoutAdIdSupport */ = {
			isa = XCSwiftPackageProductDependency;
			package = F1CA3F1E2AC6BE7D00452810 /* XCRemoteSwiftPackageReference "firebase-ios-sdk" */;
			productName = FirebaseAnalyticsWithoutAdIdSupport;
		};
		F1CA3F272AC6BE7E00452810 /* FirebaseAppCheck */ = {
			isa = XCSwiftPackageProductDependency;
			package = F1CA3F1E2AC6BE7D00452810 /* XCRemoteSwiftPackageReference "firebase-ios-sdk" */;
			productName = FirebaseAppCheck;
		};
		F1CA3F292AC6BE7E00452810 /* FirebaseAppDistribution-Beta */ = {
			isa = XCSwiftPackageProductDependency;
			package = F1CA3F1E2AC6BE7D00452810 /* XCRemoteSwiftPackageReference "firebase-ios-sdk" */;
			productName = "FirebaseAppDistribution-Beta";
		};
		F1CA3F2B2AC6BE7E00452810 /* FirebaseAuth */ = {
			isa = XCSwiftPackageProductDependency;
			package = F1CA3F1E2AC6BE7D00452810 /* XCRemoteSwiftPackageReference "firebase-ios-sdk" */;
			productName = FirebaseAuth;
		};
		F1CA3F2D2AC6BE7E00452810 /* FirebaseAuthCombine-Community */ = {
			isa = XCSwiftPackageProductDependency;
			package = F1CA3F1E2AC6BE7D00452810 /* XCRemoteSwiftPackageReference "firebase-ios-sdk" */;
			productName = "FirebaseAuthCombine-Community";
		};
		F1CA3F2F2AC6BE7E00452810 /* FirebaseCrashlytics */ = {
			isa = XCSwiftPackageProductDependency;
			package = F1CA3F1E2AC6BE7D00452810 /* XCRemoteSwiftPackageReference "firebase-ios-sdk" */;
			productName = FirebaseCrashlytics;
		};
		F1CA3F312AC6BE7E00452810 /* FirebaseDatabase */ = {
			isa = XCSwiftPackageProductDependency;
			package = F1CA3F1E2AC6BE7D00452810 /* XCRemoteSwiftPackageReference "firebase-ios-sdk" */;
			productName = FirebaseDatabase;
		};
		F1CA3F332AC6BE7E00452810 /* FirebaseDatabaseSwift */ = {
			isa = XCSwiftPackageProductDependency;
			package = F1CA3F1E2AC6BE7D00452810 /* XCRemoteSwiftPackageReference "firebase-ios-sdk" */;
			productName = FirebaseDatabaseSwift;
		};
		F1CA3F352AC6BE7E00452810 /* FirebaseDynamicLinks */ = {
			isa = XCSwiftPackageProductDependency;
			package = F1CA3F1E2AC6BE7D00452810 /* XCRemoteSwiftPackageReference "firebase-ios-sdk" */;
			productName = FirebaseDynamicLinks;
		};
		F1CA3F372AC6BE7E00452810 /* FirebaseFirestore */ = {
			isa = XCSwiftPackageProductDependency;
			package = F1CA3F1E2AC6BE7D00452810 /* XCRemoteSwiftPackageReference "firebase-ios-sdk" */;
			productName = FirebaseFirestore;
		};
		F1CA3F392AC6BE7E00452810 /* FirebaseFirestoreCombine-Community */ = {
			isa = XCSwiftPackageProductDependency;
			package = F1CA3F1E2AC6BE7D00452810 /* XCRemoteSwiftPackageReference "firebase-ios-sdk" */;
			productName = "FirebaseFirestoreCombine-Community";
		};
		F1CA3F3B2AC6BE7E00452810 /* FirebaseFirestoreSwift */ = {
			isa = XCSwiftPackageProductDependency;
			package = F1CA3F1E2AC6BE7D00452810 /* XCRemoteSwiftPackageReference "firebase-ios-sdk" */;
			productName = FirebaseFirestoreSwift;
		};
		F1CA3F3D2AC6BE7E00452810 /* FirebaseFunctions */ = {
			isa = XCSwiftPackageProductDependency;
			package = F1CA3F1E2AC6BE7D00452810 /* XCRemoteSwiftPackageReference "firebase-ios-sdk" */;
			productName = FirebaseFunctions;
		};
		F1CA3F3F2AC6BE7E00452810 /* FirebaseInAppMessaging-Beta */ = {
			isa = XCSwiftPackageProductDependency;
			package = F1CA3F1E2AC6BE7D00452810 /* XCRemoteSwiftPackageReference "firebase-ios-sdk" */;
			productName = "FirebaseInAppMessaging-Beta";
		};
		F1CA3F412AC6BE7E00452810 /* FirebaseInAppMessagingSwift-Beta */ = {
			isa = XCSwiftPackageProductDependency;
			package = F1CA3F1E2AC6BE7D00452810 /* XCRemoteSwiftPackageReference "firebase-ios-sdk" */;
			productName = "FirebaseInAppMessagingSwift-Beta";
		};
		F1CA3F432AC6BE7E00452810 /* FirebaseInstallations */ = {
			isa = XCSwiftPackageProductDependency;
			package = F1CA3F1E2AC6BE7D00452810 /* XCRemoteSwiftPackageReference "firebase-ios-sdk" */;
			productName = FirebaseInstallations;
		};
		F1CA3F452AC6BE7E00452810 /* FirebaseMLModelDownloader */ = {
			isa = XCSwiftPackageProductDependency;
			package = F1CA3F1E2AC6BE7D00452810 /* XCRemoteSwiftPackageReference "firebase-ios-sdk" */;
			productName = FirebaseMLModelDownloader;
		};
		F1CA3F472AC6BE7E00452810 /* FirebaseMessaging */ = {
			isa = XCSwiftPackageProductDependency;
			package = F1CA3F1E2AC6BE7D00452810 /* XCRemoteSwiftPackageReference "firebase-ios-sdk" */;
			productName = FirebaseMessaging;
		};
		F1CA3F492AC6BE7E00452810 /* FirebasePerformance */ = {
			isa = XCSwiftPackageProductDependency;
			package = F1CA3F1E2AC6BE7D00452810 /* XCRemoteSwiftPackageReference "firebase-ios-sdk" */;
			productName = FirebasePerformance;
		};
		F1CA3F4B2AC6BE7E00452810 /* FirebaseRemoteConfig */ = {
			isa = XCSwiftPackageProductDependency;
			package = F1CA3F1E2AC6BE7D00452810 /* XCRemoteSwiftPackageReference "firebase-ios-sdk" */;
			productName = FirebaseRemoteConfig;
		};
		F1CA3F4D2AC6BE7E00452810 /* FirebaseRemoteConfigSwift */ = {
			isa = XCSwiftPackageProductDependency;
			package = F1CA3F1E2AC6BE7D00452810 /* XCRemoteSwiftPackageReference "firebase-ios-sdk" */;
			productName = FirebaseRemoteConfigSwift;
		};
		F1CA3F4F2AC6BE7E00452810 /* FirebaseStorage */ = {
			isa = XCSwiftPackageProductDependency;
			package = F1CA3F1E2AC6BE7D00452810 /* XCRemoteSwiftPackageReference "firebase-ios-sdk" */;
			productName = FirebaseStorage;
		};
		F1CA3F512AC6BE7E00452810 /* FirebaseStorageCombine-Community */ = {
			isa = XCSwiftPackageProductDependency;
			package = F1CA3F1E2AC6BE7D00452810 /* XCRemoteSwiftPackageReference "firebase-ios-sdk" */;
			productName = "FirebaseStorageCombine-Community";
		};
/* End XCSwiftPackageProductDependency section */
	};
	rootObject = F1CA3EDA2AC6B5F100452810 /* Project object */;
}
